// !$*UTF8*$!
{
	archiveVersion = 1;
	classes = {
	};
	objectVersion = 50;
	objects = {

/* Begin PBXBuildFile section */
		DC5DE44A24C08E0200B2D2CF /* AppDelegate.m in Sources */ = {isa = PBXBuildFile; fileRef = DC5DE44924C08E0200B2D2CF /* AppDelegate.m */; };
		DC5DE44D24C08E0200B2D2CF /* SceneDelegate.m in Sources */ = {isa = PBXBuildFile; fileRef = DC5DE44C24C08E0200B2D2CF /* SceneDelegate.m */; };
		DC5DE45024C08E0200B2D2CF /* ViewController.m in Sources */ = {isa = PBXBuildFile; fileRef = DC5DE44F24C08E0200B2D2CF /* ViewController.m */; };
		DC5DE45324C08E0200B2D2CF /* Main.storyboard in Resources */ = {isa = PBXBuildFile; fileRef = DC5DE45124C08E0200B2D2CF /* Main.storyboard */; };
		DC5DE45524C08E0400B2D2CF /* Assets.xcassets in Resources */ = {isa = PBXBuildFile; fileRef = DC5DE45424C08E0400B2D2CF /* Assets.xcassets */; };
		DC5DE45824C08E0400B2D2CF /* LaunchScreen.storyboard in Resources */ = {isa = PBXBuildFile; fileRef = DC5DE45624C08E0400B2D2CF /* LaunchScreen.storyboard */; };
		DC5DE45B24C08E0400B2D2CF /* main.m in Sources */ = {isa = PBXBuildFile; fileRef = DC5DE45A24C08E0400B2D2CF /* main.m */; };
		DC5DE46524C08E0400B2D2CF /* Category_RuntimeTests.m in Sources */ = {isa = PBXBuildFile; fileRef = DC5DE46424C08E0400B2D2CF /* Category_RuntimeTests.m */; };
		DC5DE47024C08E0400B2D2CF /* Category_RuntimeUITests.m in Sources */ = {isa = PBXBuildFile; fileRef = DC5DE46F24C08E0400B2D2CF /* Category_RuntimeUITests.m */; };
		DC5DE48424C08EDA00B2D2CF /* Person.m in Sources */ = {isa = PBXBuildFile; fileRef = DC5DE48324C08EDA00B2D2CF /* Person.m */; };
		DC5DE48724C08EEE00B2D2CF /* Person+Category.m in Sources */ = {isa = PBXBuildFile; fileRef = DC5DE48624C08EEE00B2D2CF /* Person+Category.m */; };
/* End PBXBuildFile section */

/* Begin PBXContainerItemProxy section */
		DC5DE46124C08E0400B2D2CF /* PBXContainerItemProxy */ = {
			isa = PBXContainerItemProxy;
			containerPortal = DC5DE43D24C08E0200B2D2CF /* Project object */;
			proxyType = 1;
			remoteGlobalIDString = DC5DE44424C08E0200B2D2CF;
			remoteInfo = Category_Runtime;
		};
		DC5DE46C24C08E0400B2D2CF /* PBXContainerItemProxy */ = {
			isa = PBXContainerItemProxy;
			containerPortal = DC5DE43D24C08E0200B2D2CF /* Project object */;
			proxyType = 1;
			remoteGlobalIDString = DC5DE44424C08E0200B2D2CF;
			remoteInfo = Category_Runtime;
		};
/* End PBXContainerItemProxy section */

/* Begin PBXFileReference section */
		DC5DE44524C08E0200B2D2CF /* Category_Runtime.app */ = {isa = PBXFileReference; explicitFileType = wrapper.application; includeInIndex = 0; path = Category_Runtime.app; sourceTree = BUILT_PRODUCTS_DIR; };
		DC5DE44824C08E0200B2D2CF /* AppDelegate.h */ = {isa = PBXFileReference; lastKnownFileType = sourcecode.c.h; path = AppDelegate.h; sourceTree = "<group>"; };
		DC5DE44924C08E0200B2D2CF /* AppDelegate.m */ = {isa = PBXFileReference; lastKnownFileType = sourcecode.c.objc; path = AppDelegate.m; sourceTree = "<group>"; };
		DC5DE44B24C08E0200B2D2CF /* SceneDelegate.h */ = {isa = PBXFileReference; lastKnownFileType = sourcecode.c.h; path = SceneDelegate.h; sourceTree = "<group>"; };
		DC5DE44C24C08E0200B2D2CF /* SceneDelegate.m */ = {isa = PBXFileReference; lastKnownFileType = sourcecode.c.objc; path = SceneDelegate.m; sourceTree = "<group>"; };
		DC5DE44E24C08E0200B2D2CF /* ViewController.h */ = {isa = PBXFileReference; lastKnownFileType = sourcecode.c.h; path = ViewController.h; sourceTree = "<group>"; };
		DC5DE44F24C08E0200B2D2CF /* ViewController.m */ = {isa = PBXFileReference; lastKnownFileType = sourcecode.c.objc; path = ViewController.m; sourceTree = "<group>"; };
		DC5DE45224C08E0200B2D2CF /* Base */ = {isa = PBXFileReference; lastKnownFileType = file.storyboard; name = Base; path = Base.lproj/Main.storyboard; sourceTree = "<group>"; };
		DC5DE45424C08E0400B2D2CF /* Assets.xcassets */ = {isa = PBXFileReference; lastKnownFileType = folder.assetcatalog; path = Assets.xcassets; sourceTree = "<group>"; };
		DC5DE45724C08E0400B2D2CF /* Base */ = {isa = PBXFileReference; lastKnownFileType = file.storyboard; name = Base; path = Base.lproj/LaunchScreen.storyboard; sourceTree = "<group>"; };
		DC5DE45924C08E0400B2D2CF /* Info.plist */ = {isa = PBXFileReference; lastKnownFileType = text.plist.xml; path = Info.plist; sourceTree = "<group>"; };
		DC5DE45A24C08E0400B2D2CF /* main.m */ = {isa = PBXFileReference; lastKnownFileType = sourcecode.c.objc; path = main.m; sourceTree = "<group>"; };
		DC5DE46024C08E0400B2D2CF /* Category_RuntimeTests.xctest */ = {isa = PBXFileReference; explicitFileType = wrapper.cfbundle; includeInIndex = 0; path = Category_RuntimeTests.xctest; sourceTree = BUILT_PRODUCTS_DIR; };
		DC5DE46424C08E0400B2D2CF /* Category_RuntimeTests.m */ = {isa = PBXFileReference; lastKnownFileType = sourcecode.c.objc; path = Category_RuntimeTests.m; sourceTree = "<group>"; };
		DC5DE46624C08E0400B2D2CF /* Info.plist */ = {isa = PBXFileReference; lastKnownFileType = text.plist.xml; path = Info.plist; sourceTree = "<group>"; };
		DC5DE46B24C08E0400B2D2CF /* Category_RuntimeUITests.xctest */ = {isa = PBXFileReference; explicitFileType = wrapper.cfbundle; includeInIndex = 0; path = Category_RuntimeUITests.xctest; sourceTree = BUILT_PRODUCTS_DIR; };
		DC5DE46F24C08E0400B2D2CF /* Category_RuntimeUITests.m */ = {isa = PBXFileReference; lastKnownFileType = sourcecode.c.objc; path = Category_RuntimeUITests.m; sourceTree = "<group>"; };
		DC5DE47124C08E0400B2D2CF /* Info.plist */ = {isa = PBXFileReference; lastKnownFileType = text.plist.xml; path = Info.plist; sourceTree = "<group>"; };
		DC5DE48224C08EDA00B2D2CF /* Person.h */ = {isa = PBXFileReference; lastKnownFileType = sourcecode.c.h; path = Person.h; sourceTree = "<group>"; };
		DC5DE48324C08EDA00B2D2CF /* Person.m */ = {isa = PBXFileReference; lastKnownFileType = sourcecode.c.objc; path = Person.m; sourceTree = "<group>"; };
		DC5DE48524C08EEE00B2D2CF /* Person+Category.h */ = {isa = PBXFileReference; lastKnownFileType = sourcecode.c.h; path = "Person+Category.h"; sourceTree = "<group>"; };
		DC5DE48624C08EEE00B2D2CF /* Person+Category.m */ = {isa = PBXFileReference; lastKnownFileType = sourcecode.c.objc; path = "Person+Category.m"; sourceTree = "<group>"; };
/* End PBXFileReference section */

/* Begin PBXFrameworksBuildPhase section */
		DC5DE44224C08E0200B2D2CF /* Frameworks */ = {
			isa = PBXFrameworksBuildPhase;
			buildActionMask = 2147483647;
			files = (
			);
			runOnlyForDeploymentPostprocessing = 0;
		};
		DC5DE45D24C08E0400B2D2CF /* Frameworks */ = {
			isa = PBXFrameworksBuildPhase;
			buildActionMask = 2147483647;
			files = (
			);
			runOnlyForDeploymentPostprocessing = 0;
		};
		DC5DE46824C08E0400B2D2CF /* Frameworks */ = {
			isa = PBXFrameworksBuildPhase;
			buildActionMask = 2147483647;
			files = (
			);
			runOnlyForDeploymentPostprocessing = 0;
		};
/* End PBXFrameworksBuildPhase section */

/* Begin PBXGroup section */
		DC5DE43C24C08E0200B2D2CF = {
			isa = PBXGroup;
			children = (
				DC5DE44724C08E0200B2D2CF /* Category_Runtime */,
				DC5DE46324C08E0400B2D2CF /* Category_RuntimeTests */,
				DC5DE46E24C08E0400B2D2CF /* Category_RuntimeUITests */,
				DC5DE44624C08E0200B2D2CF /* Products */,
			);
			sourceTree = "<group>";
		};
		DC5DE44624C08E0200B2D2CF /* Products */ = {
			isa = PBXGroup;
			children = (
				DC5DE44524C08E0200B2D2CF /* Category_Runtime.app */,
				DC5DE46024C08E0400B2D2CF /* Category_RuntimeTests.xctest */,
				DC5DE46B24C08E0400B2D2CF /* Category_RuntimeUITests.xctest */,
			);
			name = Products;
			sourceTree = "<group>";
		};
		DC5DE44724C08E0200B2D2CF /* Category_Runtime */ = {
			isa = PBXGroup;
			children = (
				DC5DE44824C08E0200B2D2CF /* AppDelegate.h */,
				DC5DE44924C08E0200B2D2CF /* AppDelegate.m */,
				DC5DE44B24C08E0200B2D2CF /* SceneDelegate.h */,
				DC5DE44C24C08E0200B2D2CF /* SceneDelegate.m */,
				DC5DE44E24C08E0200B2D2CF /* ViewController.h */,
				DC5DE44F24C08E0200B2D2CF /* ViewController.m */,
				DC5DE48224C08EDA00B2D2CF /* Person.h */,
				DC5DE48324C08EDA00B2D2CF /* Person.m */,
				DC5DE48524C08EEE00B2D2CF /* Person+Category.h */,
				DC5DE48624C08EEE00B2D2CF /* Person+Category.m */,
				DC5DE45124C08E0200B2D2CF /* Main.storyboard */,
				DC5DE45424C08E0400B2D2CF /* Assets.xcassets */,
				DC5DE45624C08E0400B2D2CF /* LaunchScreen.storyboard */,
				DC5DE45924C08E0400B2D2CF /* Info.plist */,
				DC5DE45A24C08E0400B2D2CF /* main.m */,
			);
			path = Category_Runtime;
			sourceTree = "<group>";
		};
		DC5DE46324C08E0400B2D2CF /* Category_RuntimeTests */ = {
			isa = PBXGroup;
			children = (
				DC5DE46424C08E0400B2D2CF /* Category_RuntimeTests.m */,
				DC5DE46624C08E0400B2D2CF /* Info.plist */,
			);
			path = Category_RuntimeTests;
			sourceTree = "<group>";
		};
		DC5DE46E24C08E0400B2D2CF /* Category_RuntimeUITests */ = {
			isa = PBXGroup;
			children = (
				DC5DE46F24C08E0400B2D2CF /* Category_RuntimeUITests.m */,
				DC5DE47124C08E0400B2D2CF /* Info.plist */,
			);
			path = Category_RuntimeUITests;
			sourceTree = "<group>";
		};
/* End PBXGroup section */

/* Begin PBXNativeTarget section */
		DC5DE44424C08E0200B2D2CF /* Category_Runtime */ = {
			isa = PBXNativeTarget;
			buildConfigurationList = DC5DE47424C08E0400B2D2CF /* Build configuration list for PBXNativeTarget "Category_Runtime" */;
			buildPhases = (
				DC5DE44124C08E0200B2D2CF /* Sources */,
				DC5DE44224C08E0200B2D2CF /* Frameworks */,
				DC5DE44324C08E0200B2D2CF /* Resources */,
			);
			buildRules = (
			);
			dependencies = (
			);
			name = Category_Runtime;
			productName = Category_Runtime;
			productReference = DC5DE44524C08E0200B2D2CF /* Category_Runtime.app */;
			productType = "com.apple.product-type.application";
		};
		DC5DE45F24C08E0400B2D2CF /* Category_RuntimeTests */ = {
			isa = PBXNativeTarget;
			buildConfigurationList = DC5DE47724C08E0400B2D2CF /* Build configuration list for PBXNativeTarget "Category_RuntimeTests" */;
			buildPhases = (
				DC5DE45C24C08E0400B2D2CF /* Sources */,
				DC5DE45D24C08E0400B2D2CF /* Frameworks */,
				DC5DE45E24C08E0400B2D2CF /* Resources */,
			);
			buildRules = (
			);
			dependencies = (
				DC5DE46224C08E0400B2D2CF /* PBXTargetDependency */,
			);
			name = Category_RuntimeTests;
			productName = Category_RuntimeTests;
			productReference = DC5DE46024C08E0400B2D2CF /* Category_RuntimeTests.xctest */;
			productType = "com.apple.product-type.bundle.unit-test";
		};
		DC5DE46A24C08E0400B2D2CF /* Category_RuntimeUITests */ = {
			isa = PBXNativeTarget;
			buildConfigurationList = DC5DE47A24C08E0400B2D2CF /* Build configuration list for PBXNativeTarget "Category_RuntimeUITests" */;
			buildPhases = (
				DC5DE46724C08E0400B2D2CF /* Sources */,
				DC5DE46824C08E0400B2D2CF /* Frameworks */,
				DC5DE46924C08E0400B2D2CF /* Resources */,
			);
			buildRules = (
			);
			dependencies = (
				DC5DE46D24C08E0400B2D2CF /* PBXTargetDependency */,
			);
			name = Category_RuntimeUITests;
			productName = Category_RuntimeUITests;
			productReference = DC5DE46B24C08E0400B2D2CF /* Category_RuntimeUITests.xctest */;
			productType = "com.apple.product-type.bundle.ui-testing";
		};
/* End PBXNativeTarget section */

/* Begin PBXProject section */
		DC5DE43D24C08E0200B2D2CF /* Project object */ = {
			isa = PBXProject;
			attributes = {
				LastUpgradeCheck = 1160;
				ORGANIZATIONNAME = "徐佳鹏";
				TargetAttributes = {
					DC5DE44424C08E0200B2D2CF = {
						CreatedOnToolsVersion = 11.6;
					};
					DC5DE45F24C08E0400B2D2CF = {
						CreatedOnToolsVersion = 11.6;
						TestTargetID = DC5DE44424C08E0200B2D2CF;
					};
					DC5DE46A24C08E0400B2D2CF = {
						CreatedOnToolsVersion = 11.6;
						TestTargetID = DC5DE44424C08E0200B2D2CF;
					};
				};
			};
			buildConfigurationList = DC5DE44024C08E0200B2D2CF /* Build configuration list for PBXProject "Category_Runtime" */;
			compatibilityVersion = "Xcode 9.3";
			developmentRegion = en;
			hasScannedForEncodings = 0;
			knownRegions = (
				en,
				Base,
			);
			mainGroup = DC5DE43C24C08E0200B2D2CF;
			productRefGroup = DC5DE44624C08E0200B2D2CF /* Products */;
			projectDirPath = "";
			projectRoot = "";
			targets = (
				DC5DE44424C08E0200B2D2CF /* Category_Runtime */,
				DC5DE45F24C08E0400B2D2CF /* Category_RuntimeTests */,
				DC5DE46A24C08E0400B2D2CF /* Category_RuntimeUITests */,
			);
		};
/* End PBXProject section */

/* Begin PBXResourcesBuildPhase section */
		DC5DE44324C08E0200B2D2CF /* Resources */ = {
			isa = PBXResourcesBuildPhase;
			buildActionMask = 2147483647;
			files = (
				DC5DE45824C08E0400B2D2CF /* LaunchScreen.storyboard in Resources */,
				DC5DE45524C08E0400B2D2CF /* Assets.xcassets in Resources */,
				DC5DE45324C08E0200B2D2CF /* Main.storyboard in Resources */,
			);
			runOnlyForDeploymentPostprocessing = 0;
		};
		DC5DE45E24C08E0400B2D2CF /* Resources */ = {
			isa = PBXResourcesBuildPhase;
			buildActionMask = 2147483647;
			files = (
			);
			runOnlyForDeploymentPostprocessing = 0;
		};
		DC5DE46924C08E0400B2D2CF /* Resources */ = {
			isa = PBXResourcesBuildPhase;
			buildActionMask = 2147483647;
			files = (
			);
			runOnlyForDeploymentPostprocessing = 0;
		};
/* End PBXResourcesBuildPhase section */

/* Begin PBXSourcesBuildPhase section */
		DC5DE44124C08E0200B2D2CF /* Sources */ = {
			isa = PBXSourcesBuildPhase;
			buildActionMask = 2147483647;
			files = (
				DC5DE48724C08EEE00B2D2CF /* Person+Category.m in Sources */,
				DC5DE45024C08E0200B2D2CF /* ViewController.m in Sources */,
				DC5DE44A24C08E0200B2D2CF /* AppDelegate.m in Sources */,
				DC5DE48424C08EDA00B2D2CF /* Person.m in Sources */,
				DC5DE45B24C08E0400B2D2CF /* main.m in Sources */,
				DC5DE44D24C08E0200B2D2CF /* SceneDelegate.m in Sources */,
			);
			runOnlyForDeploymentPostprocessing = 0;
		};
		DC5DE45C24C08E0400B2D2CF /* Sources */ = {
			isa = PBXSourcesBuildPhase;
			buildActionMask = 2147483647;
			files = (
				DC5DE46524C08E0400B2D2CF /* Category_RuntimeTests.m in Sources */,
			);
			runOnlyForDeploymentPostprocessing = 0;
		};
		DC5DE46724C08E0400B2D2CF /* Sources */ = {
			isa = PBXSourcesBuildPhase;
			buildActionMask = 2147483647;
			files = (
				DC5DE47024C08E0400B2D2CF /* Category_RuntimeUITests.m in Sources */,
			);
			runOnlyForDeploymentPostprocessing = 0;
		};
/* End PBXSourcesBuildPhase section */

/* Begin PBXTargetDependency section */
		DC5DE46224C08E0400B2D2CF /* PBXTargetDependency */ = {
			isa = PBXTargetDependency;
			target = DC5DE44424C08E0200B2D2CF /* Category_Runtime */;
			targetProxy = DC5DE46124C08E0400B2D2CF /* PBXContainerItemProxy */;
		};
		DC5DE46D24C08E0400B2D2CF /* PBXTargetDependency */ = {
			isa = PBXTargetDependency;
			target = DC5DE44424C08E0200B2D2CF /* Category_Runtime */;
			targetProxy = DC5DE46C24C08E0400B2D2CF /* PBXContainerItemProxy */;
		};
/* End PBXTargetDependency section */

/* Begin PBXVariantGroup section */
		DC5DE45124C08E0200B2D2CF /* Main.storyboard */ = {
			isa = PBXVariantGroup;
			children = (
				DC5DE45224C08E0200B2D2CF /* Base */,
			);
			name = Main.storyboard;
			sourceTree = "<group>";
		};
		DC5DE45624C08E0400B2D2CF /* LaunchScreen.storyboard */ = {
			isa = PBXVariantGroup;
			children = (
				DC5DE45724C08E0400B2D2CF /* Base */,
			);
			name = LaunchScreen.storyboard;
			sourceTree = "<group>";
		};
/* End PBXVariantGroup section */

/* Begin XCBuildConfiguration section */
		DC5DE47224C08E0400B2D2CF /* Debug */ = {
			isa = XCBuildConfiguration;
			buildSettings = {
				ALWAYS_SEARCH_USER_PATHS = NO;
				CLANG_ANALYZER_NONNULL = YES;
				CLANG_ANALYZER_NUMBER_OBJECT_CONVERSION = YES_AGGRESSIVE;
				CLANG_CXX_LANGUAGE_STANDARD = "gnu++14";
				CLANG_CXX_LIBRARY = "libc++";
				CLANG_ENABLE_MODULES = YES;
				CLANG_ENABLE_OBJC_ARC = YES;
				CLANG_ENABLE_OBJC_WEAK = YES;
				CLANG_WARN_BLOCK_CAPTURE_AUTORELEASING = YES;
				CLANG_WARN_BOOL_CONVERSION = YES;
				CLANG_WARN_COMMA = YES;
				CLANG_WARN_CONSTANT_CONVERSION = YES;
				CLANG_WARN_DEPRECATED_OBJC_IMPLEMENTATIONS = YES;
				CLANG_WARN_DIRECT_OBJC_ISA_USAGE = YES_ERROR;
				CLANG_WARN_DOCUMENTATION_COMMENTS = YES;
				CLANG_WARN_EMPTY_BODY = YES;
				CLANG_WARN_ENUM_CONVERSION = YES;
				CLANG_WARN_INFINITE_RECURSION = YES;
				CLANG_WARN_INT_CONVERSION = YES;
				CLANG_WARN_NON_LITERAL_NULL_CONVERSION = YES;
				CLANG_WARN_OBJC_IMPLICIT_RETAIN_SELF = YES;
				CLANG_WARN_OBJC_LITERAL_CONVERSION = YES;
				CLANG_WARN_OBJC_ROOT_CLASS = YES_ERROR;
				CLANG_WARN_RANGE_LOOP_ANALYSIS = YES;
				CLANG_WARN_STRICT_PROTOTYPES = YES;
				CLANG_WARN_SUSPICIOUS_MOVE = YES;
				CLANG_WARN_UNGUARDED_AVAILABILITY = YES_AGGRESSIVE;
				CLANG_WARN_UNREACHABLE_CODE = YES;
				CLANG_WARN__DUPLICATE_METHOD_MATCH = YES;
				COPY_PHASE_STRIP = NO;
				DEBUG_INFORMATION_FORMAT = dwarf;
				ENABLE_STRICT_OBJC_MSGSEND = YES;
				ENABLE_TESTABILITY = YES;
				GCC_C_LANGUAGE_STANDARD = gnu11;
				GCC_DYNAMIC_NO_PIC = NO;
				GCC_NO_COMMON_BLOCKS = YES;
				GCC_OPTIMIZATION_LEVEL = 0;
				GCC_PREPROCESSOR_DEFINITIONS = (
					"DEBUG=1",
					"$(inherited)",
				);
				GCC_WARN_64_TO_32_BIT_CONVERSION = YES;
				GCC_WARN_ABOUT_RETURN_TYPE = YES_ERROR;
				GCC_WARN_UNDECLARED_SELECTOR = YES;
				GCC_WARN_UNINITIALIZED_AUTOS = YES_AGGRESSIVE;
				GCC_WARN_UNUSED_FUNCTION = YES;
				GCC_WARN_UNUSED_VARIABLE = YES;
				IPHONEOS_DEPLOYMENT_TARGET = 13.6;
				MTL_ENABLE_DEBUG_INFO = INCLUDE_SOURCE;
				MTL_FAST_MATH = YES;
				ONLY_ACTIVE_ARCH = YES;
				SDKROOT = iphoneos;
			};
			name = Debug;
		};
		DC5DE47324C08E0400B2D2CF /* Release */ = {
			isa = XCBuildConfiguration;
			buildSettings = {
				ALWAYS_SEARCH_USER_PATHS = NO;
				CLANG_ANALYZER_NONNULL = YES;
				CLANG_ANALYZER_NUMBER_OBJECT_CONVERSION = YES_AGGRESSIVE;
				CLANG_CXX_LANGUAGE_STANDARD = "gnu++14";
				CLANG_CXX_LIBRARY = "libc++";
				CLANG_ENABLE_MODULES = YES;
				CLANG_ENABLE_OBJC_ARC = YES;
				CLANG_ENABLE_OBJC_WEAK = YES;
				CLANG_WARN_BLOCK_CAPTURE_AUTORELEASING = YES;
				CLANG_WARN_BOOL_CONVERSION = YES;
				CLANG_WARN_COMMA = YES;
				CLANG_WARN_CONSTANT_CONVERSION = YES;
				CLANG_WARN_DEPRECATED_OBJC_IMPLEMENTATIONS = YES;
				CLANG_WARN_DIRECT_OBJC_ISA_USAGE = YES_ERROR;
				CLANG_WARN_DOCUMENTATION_COMMENTS = YES;
				CLANG_WARN_EMPTY_BODY = YES;
				CLANG_WARN_ENUM_CONVERSION = YES;
				CLANG_WARN_INFINITE_RECURSION = YES;
				CLANG_WARN_INT_CONVERSION = YES;
				CLANG_WARN_NON_LITERAL_NULL_CONVERSION = YES;
				CLANG_WARN_OBJC_IMPLICIT_RETAIN_SELF = YES;
				CLANG_WARN_OBJC_LITERAL_CONVERSION = YES;
				CLANG_WARN_OBJC_ROOT_CLASS = YES_ERROR;
				CLANG_WARN_RANGE_LOOP_ANALYSIS = YES;
				CLANG_WARN_STRICT_PROTOTYPES = YES;
				CLANG_WARN_SUSPICIOUS_MOVE = YES;
				CLANG_WARN_UNGUARDED_AVAILABILITY = YES_AGGRESSIVE;
				CLANG_WARN_UNREACHABLE_CODE = YES;
				CLANG_WARN__DUPLICATE_METHOD_MATCH = YES;
				COPY_PHASE_STRIP = NO;
				DEBUG_INFORMATION_FORMAT = "dwarf-with-dsym";
				ENABLE_NS_ASSERTIONS = NO;
				ENABLE_STRICT_OBJC_MSGSEND = YES;
				GCC_C_LANGUAGE_STANDARD = gnu11;
				GCC_NO_COMMON_BLOCKS = YES;
				GCC_WARN_64_TO_32_BIT_CONVERSION = YES;
				GCC_WARN_ABOUT_RETURN_TYPE = YES_ERROR;
				GCC_WARN_UNDECLARED_SELECTOR = YES;
				GCC_WARN_UNINITIALIZED_AUTOS = YES_AGGRESSIVE;
				GCC_WARN_UNUSED_FUNCTION = YES;
				GCC_WARN_UNUSED_VARIABLE = YES;
				IPHONEOS_DEPLOYMENT_TARGET = 13.6;
				MTL_ENABLE_DEBUG_INFO = NO;
				MTL_FAST_MATH = YES;
				SDKROOT = iphoneos;
				VALIDATE_PRODUCT = YES;
			};
			name = Release;
		};
		DC5DE47524C08E0400B2D2CF /* Debug */ = {
			isa = XCBuildConfiguration;
			buildSettings = {
				ASSETCATALOG_COMPILER_APPICON_NAME = AppIcon;
				CODE_SIGN_STYLE = Automatic;
				DEVELOPMENT_TEAM = 9JYRHPQH49;
				INFOPLIST_FILE = Category_Runtime/Info.plist;
				LD_RUNPATH_SEARCH_PATHS = (
					"$(inherited)",
					"@executable_path/Frameworks",
				);
				PRODUCT_BUNDLE_IDENTIFIER = "Felix.Category-Runtime";
				PRODUCT_NAME = "$(TARGET_NAME)";
				TARGETED_DEVICE_FAMILY = "1,2";
			};
			name = Debug;
		};
		DC5DE47624C08E0400B2D2CF /* Release */ = {
			isa = XCBuildConfiguration;
			buildSettings = {
				ASSETCATALOG_COMPILER_APPICON_NAME = AppIcon;
				CODE_SIGN_STYLE = Automatic;
				DEVELOPMENT_TEAM = 9JYRHPQH49;
				INFOPLIST_FILE = Category_Runtime/Info.plist;
				LD_RUNPATH_SEARCH_PATHS = (
					"$(inherited)",
					"@executable_path/Frameworks",
				);
				PRODUCT_BUNDLE_IDENTIFIER = "Felix.Category-Runtime";
				PRODUCT_NAME = "$(TARGET_NAME)";
				TARGETED_DEVICE_FAMILY = "1,2";
			};
			name = Release;
		};
		DC5DE47824C08E0400B2D2CF /* Debug */ = {
			isa = XCBuildConfiguration;
			buildSettings = {
				BUNDLE_LOADER = "$(TEST_HOST)";
				CODE_SIGN_STYLE = Automatic;
				DEVELOPMENT_TEAM = 9JYRHPQH49;
				INFOPLIST_FILE = Category_RuntimeTests/Info.plist;
				IPHONEOS_DEPLOYMENT_TARGET = 13.6;
				LD_RUNPATH_SEARCH_PATHS = (
					"$(inherited)",
					"@executable_path/Frameworks",
					"@loader_path/Frameworks",
				);
				PRODUCT_BUNDLE_IDENTIFIER = "Felix.Category-RuntimeTests";
				PRODUCT_NAME = "$(TARGET_NAME)";
				TARGETED_DEVICE_FAMILY = "1,2";
				TEST_HOST = "$(BUILT_PRODUCTS_DIR)/Category_Runtime.app/Category_Runtime";
			};
			name = Debug;
		};
		DC5DE47924C08E0400B2D2CF /* Release */ = {
			isa = XCBuildConfiguration;
			buildSettings = {
				BUNDLE_LOADER = "$(TEST_HOST)";
				CODE_SIGN_STYLE = Automatic;
				DEVELOPMENT_TEAM = 9JYRHPQH49;
				INFOPLIST_FILE = Category_RuntimeTests/Info.plist;
				IPHONEOS_DEPLOYMENT_TARGET = 13.6;
				LD_RUNPATH_SEARCH_PATHS = (
					"$(inherited)",
					"@executable_path/Frameworks",
					"@loader_path/Frameworks",
				);
				PRODUCT_BUNDLE_IDENTIFIER = "Felix.Category-RuntimeTests";
				PRODUCT_NAME = "$(TARGET_NAME)";
				TARGETED_DEVICE_FAMILY = "1,2";
				TEST_HOST = "$(BUILT_PRODUCTS_DIR)/Category_Runtime.app/Category_Runtime";
			};
			name = Release;
		};
		DC5DE47B24C08E0400B2D2CF /* Debug */ = {
			isa = XCBuildConfiguration;
			buildSettings = {
				CODE_SIGN_STYLE = Automatic;
				DEVELOPMENT_TEAM = 9JYRHPQH49;
				INFOPLIST_FILE = Category_RuntimeUITests/Info.plist;
				LD_RUNPATH_SEARCH_PATHS = (
					"$(inherited)",
					"@executable_path/Frameworks",
					"@loader_path/Frameworks",
				);
				PRODUCT_BUNDLE_IDENTIFIER = "Felix.Category-RuntimeUITests";
				PRODUCT_NAME = "$(TARGET_NAME)";
				TARGETED_DEVICE_FAMILY = "1,2";
				TEST_TARGET_NAME = Category_Runtime;
			};
			name = Debug;
		};
		DC5DE47C24C08E0400B2D2CF /* Release */ = {
			isa = XCBuildConfiguration;
			buildSettings = {
				CODE_SIGN_STYLE = Automatic;
				DEVELOPMENT_TEAM = 9JYRHPQH49;
				INFOPLIST_FILE = Category_RuntimeUITests/Info.plist;
				LD_RUNPATH_SEARCH_PATHS = (
					"$(inherited)",
					"@executable_path/Frameworks",
					"@loader_path/Frameworks",
				);
				PRODUCT_BUNDLE_IDENTIFIER = "Felix.Category-RuntimeUITests";
				PRODUCT_NAME = "$(TARGET_NAME)";
				TARGETED_DEVICE_FAMILY = "1,2";
				TEST_TARGET_NAME = Category_Runtime;
			};
			name = Release;
		};
/* End XCBuildConfiguration section */

/* Begin XCConfigurationList section */
		DC5DE44024C08E0200B2D2CF /* Build configuration list for PBXProject "Category_Runtime" */ = {
			isa = XCConfigurationList;
			buildConfigurations = (
				DC5DE47224C08E0400B2D2CF /* Debug */,
				DC5DE47324C08E0400B2D2CF /* Release */,
			);
			defaultConfigurationIsVisible = 0;
			defaultConfigurationName = Release;
		};
		DC5DE47424C08E0400B2D2CF /* Build configuration list for PBXNativeTarget "Category_Runtime" */ = {
			isa = XCConfigurationList;
			buildConfigurations = (
				DC5DE47524C08E0400B2D2CF /* Debug */,
				DC5DE47624C08E0400B2D2CF /* Release */,
			);
			defaultConfigurationIsVisible = 0;
			defaultConfigurationName = Release;
		};
		DC5DE47724C08E0400B2D2CF /* Build configuration list for PBXNativeTarget "Category_RuntimeTests" */ = {
			isa = XCConfigurationList;
			buildConfigurations = (
				DC5DE47824C08E0400B2D2CF /* Debug */,
				DC5DE47924C08E0400B2D2CF /* Release */,
			);
			defaultConfigurationIsVisible = 0;
			defaultConfigurationName = Release;
		};
		DC5DE47A24C08E0400B2D2CF /* Build configuration list for PBXNativeTarget "Category_RuntimeUITests" */ = {
			isa = XCConfigurationList;
			buildConfigurations = (
				DC5DE47B24C08E0400B2D2CF /* Debug */,
				DC5DE47C24C08E0400B2D2CF /* Release */,
			);
			defaultConfigurationIsVisible = 0;
			defaultConfigurationName = Release;
		};
/* End XCConfigurationList section */
	};
	rootObject = DC5DE43D24C08E0200B2D2CF /* Project object */;
}
